
Microsoft Visual Studio Solution File, Format Version 12.00
# Visual Studio Version 17
VisualStudioVersion = 17.11.35208.52
MinimumVisualStudioVersion = 10.0.40219.1
Project("{FAE04EC0-301F-11D3-BF4B-00C04F79EFBC}") = "NZWalks.API", "NZWalks.API\NZWalks.API.csproj", "{D09BE720-E6AA-4407-8A0B-482445A0F189}"
EndProject
Global
	GlobalSection(SolutionConfigurationPlatforms) = preSolution
		Debug|Any CPU = Debug|Any CPU
		Release|Any CPU = Release|Any CPU
	EndGlobalSection
	GlobalSection(ProjectConfigurationPlatforms) = postSolution
		{D09BE720-E6AA-4407-8A0B-482445A0F189}.Debug|Any CPU.ActiveCfg = Debug|Any CPU
		{D09BE720-E6AA-4407-8A0B-482445A0F189}.Debug|Any CPU.Build.0 = Debug|Any CPU
		{D09BE720-E6AA-4407-8A0B-482445A0F189}.Release|Any CPU.ActiveCfg = Release|Any CPU
		{D09BE720-E6AA-4407-8A0B-482445A0F189}.Release|Any CPU.Build.0 = Release|Any CPU
	EndGlobalSection
	GlobalSection(SolutionProperties) = preSolution
		HideSolutionNode = FALSE
	EndGlobalSection
	GlobalSection(ExtensibilityGlobals) = postSolution
		SolutionGuid = {A4D737D9-93E2-40D6-BBE4-A0B26765EAA4}
	EndGlobalSection
EndGlobal
